
Microsoft Visual Studio Solution File, Format Version 12.00
# Visual Studio Version 17
VisualStudioVersion = 17.2.32616.157
MinimumVisualStudioVersion = 10.0.40219.1
Project("{FAE04EC0-301F-11D3-BF4B-00C04F79EFBC}") = "myFirstReact.netProject", "myFirstReact.netProject\myFirstReact.netProject.csproj", "{970F48CF-CBCA-4A4A-A3F6-0E2F7F8DD047}"
EndProject
Global
	GlobalSection(SolutionConfigurationPlatforms) = preSolution
		Debug|Any CPU = Debug|Any CPU
		Release|Any CPU = Release|Any CPU
	EndGlobalSection
	GlobalSection(ProjectConfigurationPlatforms) = postSolution
		{970F48CF-CBCA-4A4A-A3F6-0E2F7F8DD047}.Debug|Any CPU.ActiveCfg = Debug|Any CPU
		{970F48CF-CBCA-4A4A-A3F6-0E2F7F8DD047}.Debug|Any CPU.Build.0 = Debug|Any CPU
		{970F48CF-CBCA-4A4A-A3F6-0E2F7F8DD047}.Release|Any CPU.ActiveCfg = Release|Any CPU
		{970F48CF-CBCA-4A4A-A3F6-0E2F7F8DD047}.Release|Any CPU.Build.0 = Release|Any CPU
	EndGlobalSection
	GlobalSection(SolutionProperties) = preSolution
		HideSolutionNode = FALSE
	EndGlobalSection
	GlobalSection(ExtensibilityGlobals) = postSolution
		SolutionGuid = {5156E367-63A8-48E4-9A90-7F1DAFFCF0CA}
	EndGlobalSection
EndGlobal
